
Microsoft Visual Studio Solution File, Format Version 12.00
# Visual Studio 15
VisualStudioVersion = 15.0.28307.757
MinimumVisualStudioVersion = 10.0.40219.1
Project("{FAE04EC0-301F-11D3-BF4B-00C04F79EFBC}") = "MenuDemonstration", "MenuDemonstration\MenuDemonstration.csproj", "{54DCC717-FE17-4AE3-A350-C74443E4C5FB}"
EndProject
Global
	GlobalSection(SolutionConfigurationPlatforms) = preSolution
		Debug|Any CPU = Debug|Any CPU
		Release|Any CPU = Release|Any CPU
	EndGlobalSection
	GlobalSection(ProjectConfigurationPlatforms) = postSolution
		{54DCC717-FE17-4AE3-A350-C74443E4C5FB}.Debug|Any CPU.ActiveCfg = Debug|Any CPU
		{54DCC717-FE17-4AE3-A350-C74443E4C5FB}.Debug|Any CPU.Build.0 = Debug|Any CPU
		{54DCC717-FE17-4AE3-A350-C74443E4C5FB}.Release|Any CPU.ActiveCfg = Release|Any CPU
		{54DCC717-FE17-4AE3-A350-C74443E4C5FB}.Release|Any CPU.Build.0 = Release|Any CPU
	EndGlobalSection
	GlobalSection(SolutionProperties) = preSolution
		HideSolutionNode = FALSE
	EndGlobalSection
	GlobalSection(ExtensibilityGlobals) = postSolution
		SolutionGuid = {6083E45C-0BAB-4476-9F6C-DA6839B59E98}
	EndGlobalSection
EndGlobal
